
Microsoft Visual Studio Solution File, Format Version 11.00
# Visual Studio 2010
Project("{8BC9CEB8-8B4A-11D0-8D11-00A0C91BC942}") = "Tess", "Tess\Tess.vcxproj", "{C3006B39-1011-48B9-B5C4-418572CB6037}"
EndProject
Global
	GlobalSection(SolutionConfigurationPlatforms) = preSolution
		Debug|Win32 = Debug|Win32
		Release|Win32 = Release|Win32
	EndGlobalSection
	GlobalSection(ProjectConfigurationPlatforms) = postSolution
		{C3006B39-1011-48B9-B5C4-418572CB6037}.Debug|Win32.ActiveCfg = Debug|Win32
		{C3006B39-1011-48B9-B5C4-418572CB6037}.Debug|Win32.Build.0 = Debug|Win32
		{C3006B39-1011-48B9-B5C4-418572CB6037}.Release|Win32.ActiveCfg = Release|Win32
		{C3006B39-1011-48B9-B5C4-418572CB6037}.Release|Win32.Build.0 = Release|Win32
	EndGlobalSection
	GlobalSection(SolutionProperties) = preSolution
		HideSolutionNode = FALSE
	EndGlobalSection
EndGlobal
